{
  "name": "medium",
  "lockfileVersion": 3,
  "requires": true,
  "packages": {
    "": {
      "dependencies": {
        "@himanshugupta123/medium-common": "^1.0.2"
      }
    },
    "node_modules/@himanshugupta123/medium-common": {
      "version": "1.0.2",
      "resolved": "https://registry.npmjs.org/@himanshugupta123/medium-common/-/medium-common-1.0.2.tgz",
      "integrity": "sha512-FZv6/ZCqZbS8YYPeGSpH8c91mnE42KHFRr4npcdEwbAqgtI8VhycssMdhbM/UNKzyh8EowNBsG2kzyGIFmG+PA==",
      "license": "ISC",
      "dependencies": {
        "zod": "^3.24.2"
      }
    },
    "node_modules/zod": {
      "version": "3.24.2",
      "resolved": "https://registry.npmjs.org/zod/-/zod-3.24.2.tgz",
      "integrity": "sha512-lY7CDW43ECgW9u1TcT3IoXHflywfVqDYze4waEz812jR/bZ8FHDsl7pFQoSZTz5N+2NqRXs8GBwnAwo3ZNxqhQ==",
      "license": "MIT",
      "funding": {
        "url": "https://github.com/sponsors/colinhacks"
      }
    }
  }
}
